
Microsoft Visual Studio Solution File, Format Version 12.00
Project("{FAE04EC0-301F-11D3-BF4B-00C04F79EFBC}") = "MeetupEvents", "MeetupScheduling\MeetupEvents\MeetupEvents.csproj", "{96F2C794-0A9C-49B4-A4A5-9CE920D55CDF}"
EndProject
Project("{FAE04EC0-301F-11D3-BF4B-00C04F79EFBC}") = "MeetupEvents.Test", "MeetupScheduling\MeetupEvents.Test\MeetupEvents.Test.csproj", "{E84B282F-C58E-4A66-830D-DA4CDDD5A675}"
EndProject
Project("{FAE04EC0-301F-11D3-BF4B-00C04F79EFBC}") = "MeetupEvents.Contracts", "MeetupScheduling\MeetupEvents.Contracts\MeetupEvents.Contracts.csproj", "{EF1FC481-8FCE-43A0-9450-F6BEDE48B9BE}"
EndProject
Project("{FAE04EC0-301F-11D3-BF4B-00C04F79EFBC}") = "MeetupEvents.Queries", "MeetupScheduling\MeetupEvents.Queries\MeetupEvents.Queries.csproj", "{41998610-E42F-49D1-A37D-1230D6B8B92B}"
EndProject
Project("{FAE04EC0-301F-11D3-BF4B-00C04F79EFBC}") = "MeetupEvents.IntegrationEventsPublisher", "MeetupScheduling\MeetupEvents.IntegrationEventsPublisher\MeetupEvents.IntegrationEventsPublisher.csproj", "{8575D801-60C1-4378-AAC7-8B757806702C}"
EndProject
Project("{FAE04EC0-301F-11D3-BF4B-00C04F79EFBC}") = "MeetupEvents.ProcessManager", "MeetupScheduling\MeetupEvents.ProcessManager\MeetupEvents.ProcessManager.csproj", "{F7858DD2-ADDA-4D12-BF65-0D34E36EE1B5}"
EndProject
Project("{FAE04EC0-301F-11D3-BF4B-00C04F79EFBC}") = "MeetupEvents.EndToEndTest", "MeetupScheduling\MeetupEvents.EndToEndTest\MeetupEvents.EndToEndTest.csproj", "{209FE552-FE7B-469B-9063-ED6A205428D4}"
EndProject
Project("{2150E333-8FDC-42A3-9474-1A3956D46DE8}") = "MeetupScheduling", "MeetupScheduling", "{924BDD34-3FC2-4EE0-B6FA-089134CCC0F5}"
EndProject
Project("{2150E333-8FDC-42A3-9474-1A3956D46DE8}") = "MeetupGroup", "MeetupGroup", "{5CFD86F9-0FF7-4DFE-96D8-477B46CAC357}"
EndProject
Project("{2150E333-8FDC-42A3-9474-1A3956D46DE8}") = "Notifications", "Notifications", "{BFE0345C-BA41-4DAD-9518-3DB4E9F79F4B}"
EndProject
Project("{2150E333-8FDC-42A3-9474-1A3956D46DE8}") = "UserProfile", "UserProfile", "{FCDE763D-62B5-40DB-B408-74E823F8E267}"
EndProject
Project("{2150E333-8FDC-42A3-9474-1A3956D46DE8}") = "Queries", "Queries", "{E991C7DD-D1D2-4ACF-82EE-6AEA9901E45A}"
EndProject
Project("{2150E333-8FDC-42A3-9474-1A3956D46DE8}") = "EndToEndTests", "EndToEndTests", "{7EAD083D-EC3A-4FE0-8108-FF90D27A91FA}"
EndProject
Project("{FAE04EC0-301F-11D3-BF4B-00C04F79EFBC}") = "Meetup.GroupManagement", "MeetupGroup\Meetup.GroupManagement\Meetup.GroupManagement.csproj", "{45E52C1E-4E6D-4B9D-B2DB-176AF473C36D}"
EndProject
Project("{FAE04EC0-301F-11D3-BF4B-00C04F79EFBC}") = "Meetup.Notifications", "Notifications\Meetup.Notifications\Meetup.Notifications.csproj", "{816F2DC5-0574-435F-B629-035109FE1374}"
EndProject
Project("{FAE04EC0-301F-11D3-BF4B-00C04F79EFBC}") = "Meetup.Notifications.Contracts", "Notifications\Meetup.Notifications.Contracts\Meetup.Notifications.Contracts.csproj", "{4662C7DE-8868-487D-8770-EDD4DA983712}"
EndProject
Project("{FAE04EC0-301F-11D3-BF4B-00C04F79EFBC}") = "Meetup.Notifications.Queries", "Notifications\Meetup.Notifications.Queries\Meetup.Notifications.Queries.csproj", "{BF44929A-7C0E-4F37-86C5-6184427BC420}"
EndProject
Project("{FAE04EC0-301F-11D3-BF4B-00C04F79EFBC}") = "Meetup.Queries", "Queries\Meetup.Queries\Meetup.Queries.csproj", "{04A9CD33-F851-4311-A305-A3C40B59C895}"
EndProject
Project("{FAE04EC0-301F-11D3-BF4B-00C04F79EFBC}") = "Meetup.UserProfile", "UserProfile\Meetup.UserProfile\Meetup.UserProfile.csproj", "{2156B753-4863-4EC4-8F4B-BCDA1C77B90B}"
EndProject
Project("{FAE04EC0-301F-11D3-BF4B-00C04F79EFBC}") = "Meetup.EndToEndTest", "EndToEndTests\Meetup.EndToEndTest\Meetup.EndToEndTest.csproj", "{A0331D04-1C24-46F0-83D9-703A7F2B7A53}"
EndProject
Global
	GlobalSection(SolutionConfigurationPlatforms) = preSolution
		Debug|Any CPU = Debug|Any CPU
		Release|Any CPU = Release|Any CPU
	EndGlobalSection
	GlobalSection(ProjectConfigurationPlatforms) = postSolution
		{96F2C794-0A9C-49B4-A4A5-9CE920D55CDF}.Debug|Any CPU.ActiveCfg = Debug|Any CPU
		{96F2C794-0A9C-49B4-A4A5-9CE920D55CDF}.Debug|Any CPU.Build.0 = Debug|Any CPU
		{96F2C794-0A9C-49B4-A4A5-9CE920D55CDF}.Release|Any CPU.ActiveCfg = Release|Any CPU
		{96F2C794-0A9C-49B4-A4A5-9CE920D55CDF}.Release|Any CPU.Build.0 = Release|Any CPU
		{E84B282F-C58E-4A66-830D-DA4CDDD5A675}.Debug|Any CPU.ActiveCfg = Debug|Any CPU
		{E84B282F-C58E-4A66-830D-DA4CDDD5A675}.Debug|Any CPU.Build.0 = Debug|Any CPU
		{E84B282F-C58E-4A66-830D-DA4CDDD5A675}.Release|Any CPU.ActiveCfg = Release|Any CPU
		{E84B282F-C58E-4A66-830D-DA4CDDD5A675}.Release|Any CPU.Build.0 = Release|Any CPU
		{EF1FC481-8FCE-43A0-9450-F6BEDE48B9BE}.Debug|Any CPU.ActiveCfg = Debug|Any CPU
		{EF1FC481-8FCE-43A0-9450-F6BEDE48B9BE}.Debug|Any CPU.Build.0 = Debug|Any CPU
		{EF1FC481-8FCE-43A0-9450-F6BEDE48B9BE}.Release|Any CPU.ActiveCfg = Release|Any CPU
		{EF1FC481-8FCE-43A0-9450-F6BEDE48B9BE}.Release|Any CPU.Build.0 = Release|Any CPU
		{41998610-E42F-49D1-A37D-1230D6B8B92B}.Debug|Any CPU.ActiveCfg = Debug|Any CPU
		{41998610-E42F-49D1-A37D-1230D6B8B92B}.Debug|Any CPU.Build.0 = Debug|Any CPU
		{41998610-E42F-49D1-A37D-1230D6B8B92B}.Release|Any CPU.ActiveCfg = Release|Any CPU
		{41998610-E42F-49D1-A37D-1230D6B8B92B}.Release|Any CPU.Build.0 = Release|Any CPU
		{8575D801-60C1-4378-AAC7-8B757806702C}.Debug|Any CPU.ActiveCfg = Debug|Any CPU
		{8575D801-60C1-4378-AAC7-8B757806702C}.Debug|Any CPU.Build.0 = Debug|Any CPU
		{8575D801-60C1-4378-AAC7-8B757806702C}.Release|Any CPU.ActiveCfg = Release|Any CPU
		{8575D801-60C1-4378-AAC7-8B757806702C}.Release|Any CPU.Build.0 = Release|Any CPU
		{F7858DD2-ADDA-4D12-BF65-0D34E36EE1B5}.Debug|Any CPU.ActiveCfg = Debug|Any CPU
		{F7858DD2-ADDA-4D12-BF65-0D34E36EE1B5}.Debug|Any CPU.Build.0 = Debug|Any CPU
		{F7858DD2-ADDA-4D12-BF65-0D34E36EE1B5}.Release|Any CPU.ActiveCfg = Release|Any CPU
		{F7858DD2-ADDA-4D12-BF65-0D34E36EE1B5}.Release|Any CPU.Build.0 = Release|Any CPU
		{209FE552-FE7B-469B-9063-ED6A205428D4}.Debug|Any CPU.ActiveCfg = Debug|Any CPU
		{209FE552-FE7B-469B-9063-ED6A205428D4}.Debug|Any CPU.Build.0 = Debug|Any CPU
		{209FE552-FE7B-469B-9063-ED6A205428D4}.Release|Any CPU.ActiveCfg = Release|Any CPU
		{209FE552-FE7B-469B-9063-ED6A205428D4}.Release|Any CPU.Build.0 = Release|Any CPU
		{45E52C1E-4E6D-4B9D-B2DB-176AF473C36D}.Debug|Any CPU.ActiveCfg = Debug|Any CPU
		{45E52C1E-4E6D-4B9D-B2DB-176AF473C36D}.Debug|Any CPU.Build.0 = Debug|Any CPU
		{45E52C1E-4E6D-4B9D-B2DB-176AF473C36D}.Release|Any CPU.ActiveCfg = Release|Any CPU
		{45E52C1E-4E6D-4B9D-B2DB-176AF473C36D}.Release|Any CPU.Build.0 = Release|Any CPU
		{816F2DC5-0574-435F-B629-035109FE1374}.Debug|Any CPU.ActiveCfg = Debug|Any CPU
		{816F2DC5-0574-435F-B629-035109FE1374}.Debug|Any CPU.Build.0 = Debug|Any CPU
		{816F2DC5-0574-435F-B629-035109FE1374}.Release|Any CPU.ActiveCfg = Release|Any CPU
		{816F2DC5-0574-435F-B629-035109FE1374}.Release|Any CPU.Build.0 = Release|Any CPU
		{4662C7DE-8868-487D-8770-EDD4DA983712}.Debug|Any CPU.ActiveCfg = Debug|Any CPU
		{4662C7DE-8868-487D-8770-EDD4DA983712}.Debug|Any CPU.Build.0 = Debug|Any CPU
		{4662C7DE-8868-487D-8770-EDD4DA983712}.Release|Any CPU.ActiveCfg = Release|Any CPU
		{4662C7DE-8868-487D-8770-EDD4DA983712}.Release|Any CPU.Build.0 = Release|Any CPU
		{BF44929A-7C0E-4F37-86C5-6184427BC420}.Debug|Any CPU.ActiveCfg = Debug|Any CPU
		{BF44929A-7C0E-4F37-86C5-6184427BC420}.Debug|Any CPU.Build.0 = Debug|Any CPU
		{BF44929A-7C0E-4F37-86C5-6184427BC420}.Release|Any CPU.ActiveCfg = Release|Any CPU
		{BF44929A-7C0E-4F37-86C5-6184427BC420}.Release|Any CPU.Build.0 = Release|Any CPU
		{04A9CD33-F851-4311-A305-A3C40B59C895}.Debug|Any CPU.ActiveCfg = Debug|Any CPU
		{04A9CD33-F851-4311-A305-A3C40B59C895}.Debug|Any CPU.Build.0 = Debug|Any CPU
		{04A9CD33-F851-4311-A305-A3C40B59C895}.Release|Any CPU.ActiveCfg = Release|Any CPU
		{04A9CD33-F851-4311-A305-A3C40B59C895}.Release|Any CPU.Build.0 = Release|Any CPU
		{2156B753-4863-4EC4-8F4B-BCDA1C77B90B}.Debug|Any CPU.ActiveCfg = Debug|Any CPU
		{2156B753-4863-4EC4-8F4B-BCDA1C77B90B}.Debug|Any CPU.Build.0 = Debug|Any CPU
		{2156B753-4863-4EC4-8F4B-BCDA1C77B90B}.Release|Any CPU.ActiveCfg = Release|Any CPU
		{2156B753-4863-4EC4-8F4B-BCDA1C77B90B}.Release|Any CPU.Build.0 = Release|Any CPU
		{A0331D04-1C24-46F0-83D9-703A7F2B7A53}.Debug|Any CPU.ActiveCfg = Debug|Any CPU
		{A0331D04-1C24-46F0-83D9-703A7F2B7A53}.Debug|Any CPU.Build.0 = Debug|Any CPU
		{A0331D04-1C24-46F0-83D9-703A7F2B7A53}.Release|Any CPU.ActiveCfg = Release|Any CPU
		{A0331D04-1C24-46F0-83D9-703A7F2B7A53}.Release|Any CPU.Build.0 = Release|Any CPU
	EndGlobalSection
	GlobalSection(NestedProjects) = preSolution
		{96F2C794-0A9C-49B4-A4A5-9CE920D55CDF} = {924BDD34-3FC2-4EE0-B6FA-089134CCC0F5}
		{EF1FC481-8FCE-43A0-9450-F6BEDE48B9BE} = {924BDD34-3FC2-4EE0-B6FA-089134CCC0F5}
		{209FE552-FE7B-469B-9063-ED6A205428D4} = {924BDD34-3FC2-4EE0-B6FA-089134CCC0F5}
		{8575D801-60C1-4378-AAC7-8B757806702C} = {924BDD34-3FC2-4EE0-B6FA-089134CCC0F5}
		{F7858DD2-ADDA-4D12-BF65-0D34E36EE1B5} = {924BDD34-3FC2-4EE0-B6FA-089134CCC0F5}
		{41998610-E42F-49D1-A37D-1230D6B8B92B} = {924BDD34-3FC2-4EE0-B6FA-089134CCC0F5}
		{E84B282F-C58E-4A66-830D-DA4CDDD5A675} = {924BDD34-3FC2-4EE0-B6FA-089134CCC0F5}
		{45E52C1E-4E6D-4B9D-B2DB-176AF473C36D} = {5CFD86F9-0FF7-4DFE-96D8-477B46CAC357}
		{816F2DC5-0574-435F-B629-035109FE1374} = {BFE0345C-BA41-4DAD-9518-3DB4E9F79F4B}
		{4662C7DE-8868-487D-8770-EDD4DA983712} = {BFE0345C-BA41-4DAD-9518-3DB4E9F79F4B}
		{BF44929A-7C0E-4F37-86C5-6184427BC420} = {BFE0345C-BA41-4DAD-9518-3DB4E9F79F4B}
		{04A9CD33-F851-4311-A305-A3C40B59C895} = {E991C7DD-D1D2-4ACF-82EE-6AEA9901E45A}
		{2156B753-4863-4EC4-8F4B-BCDA1C77B90B} = {FCDE763D-62B5-40DB-B408-74E823F8E267}
		{A0331D04-1C24-46F0-83D9-703A7F2B7A53} = {7EAD083D-EC3A-4FE0-8108-FF90D27A91FA}
	EndGlobalSection
EndGlobal
